PODS:
  - Expecta (1.0.0)
  - KSGeography (1.0.3):
    - KSReason
  - KSReason (1.3.0)
  - Specta (1.0.2)

DEPENDENCIES:
  - Expecta
  - KSGeography (from `../`)
  - Specta

EXTERNAL SOURCES:
  KSGeography:
    :path: "../"

SPEC CHECKSUMS:
  Expecta: 32604574add2c46a36f8d2f716b6c5736eb75024
  KSGeography: 449b248fa7a9cbec89b96e093c7d9bcf90560950
  KSReason: eb6fd28f840acdc62bd20ca0a029de97ceaafa5a
  Specta: 9cec98310dca411f7c7ffd6943552b501622abfe

COCOAPODS: 0.37.2
